
Microsoft Visual Studio Solution File, Format Version 12.00
Project("{FAE04EC0-301F-11D3-BF4B-00C04F79EFBC}") = "OpenFga.Language", "OpenFga.Language.csproj", "{117E3F26-1DC6-4B33-AC3A-B64B47D6D224}"
EndProject
Global
	GlobalSection(SolutionConfigurationPlatforms) = preSolution
		Debug|Any CPU = Debug|Any CPU
		Release|Any CPU = Release|Any CPU
	EndGlobalSection
	GlobalSection(ProjectConfigurationPlatforms) = postSolution
		{117E3F26-1DC6-4B33-AC3A-B64B47D6D224}.Debug|Any CPU.ActiveCfg = Debug|Any CPU
		{117E3F26-1DC6-4B33-AC3A-B64B47D6D224}.Debug|Any CPU.Build.0 = Debug|Any CPU
		{117E3F26-1DC6-4B33-AC3A-B64B47D6D224}.Release|Any CPU.ActiveCfg = Release|Any CPU
		{117E3F26-1DC6-4B33-AC3A-B64B47D6D224}.Release|Any CPU.Build.0 = Release|Any CPU
	EndGlobalSection
EndGlobal
